// !$*UTF8*$!
{
	archiveVersion = 1;
	classes = {
	};
	objectVersion = 56;
	objects = {

/* Begin PBXBuildFile section */
		695FFFB429F4DE750054534E /* IcePlungeTimerApp.swift in Sources */ = {isa = PBXBuildFile; fileRef = 695FFFB329F4DE750054534E /* IcePlungeTimerApp.swift */; };
		695FFFB629F4DE750054534E /* ContentView.swift in Sources */ = {isa = PBXBuildFile; fileRef = 695FFFB529F4DE750054534E /* ContentView.swift */; };
		695FFFB829F4DE770054534E /* Assets.xcassets in Resources */ = {isa = PBXBuildFile; fileRef = 695FFFB729F4DE770054534E /* Assets.xcassets */; };
		695FFFBB29F4DE770054534E /* Preview Assets.xcassets in Resources */ = {isa = PBXBuildFile; fileRef = 695FFFBA29F4DE770054534E /* Preview Assets.xcassets */; };
		695FFFC529F4DE770054534E /* IcePlungeTimerTests.swift in Sources */ = {isa = PBXBuildFile; fileRef = 695FFFC429F4DE770054534E /* IcePlungeTimerTests.swift */; };
		695FFFCF29F4DE770054534E /* IcePlungeTimerUITests.swift in Sources */ = {isa = PBXBuildFile; fileRef = 695FFFCE29F4DE770054534E /* IcePlungeTimerUITests.swift */; };
		695FFFD129F4DE770054534E /* IcePlungeTimerUITestsLaunchTests.swift in Sources */ = {isa = PBXBuildFile; fileRef = 695FFFD029F4DE770054534E /* IcePlungeTimerUITestsLaunchTests.swift */; };
		6991EEBF29F939120021B752 /* IcebergDynamic.swift in Sources */ = {isa = PBXBuildFile; fileRef = 6991EEBE29F939120021B752 /* IcebergDynamic.swift */; };
		6991EECA29F9E4BC0021B752 /* CosineWaveLine.swift in Sources */ = {isa = PBXBuildFile; fileRef = 6991EEC929F9E4BC0021B752 /* CosineWaveLine.swift */; };
/* End PBXBuildFile section */

/* Begin PBXContainerItemProxy section */
		695FFFC129F4DE770054534E /* PBXContainerItemProxy */ = {
			isa = PBXContainerItemProxy;
			containerPortal = 695FFFA829F4DE750054534E /* Project object */;
			proxyType = 1;
			remoteGlobalIDString = 695FFFAF29F4DE750054534E;
			remoteInfo = IcePlungeTimer;
		};
		695FFFCB29F4DE770054534E /* PBXContainerItemProxy */ = {
			isa = PBXContainerItemProxy;
			containerPortal = 695FFFA829F4DE750054534E /* Project object */;
			proxyType = 1;
			remoteGlobalIDString = 695FFFAF29F4DE750054534E;
			remoteInfo = IcePlungeTimer;
		};
/* End PBXContainerItemProxy section */

/* Begin PBXFileReference section */
		695FFFB029F4DE750054534E /* IcePlungeTimer.app */ = {isa = PBXFileReference; explicitFileType = wrapper.application; includeInIndex = 0; path = IcePlungeTimer.app; sourceTree = BUILT_PRODUCTS_DIR; };
		695FFFB329F4DE750054534E /* IcePlungeTimerApp.swift */ = {isa = PBXFileReference; lastKnownFileType = sourcecode.swift; path = IcePlungeTimerApp.swift; sourceTree = "<group>"; };
		695FFFB529F4DE750054534E /* ContentView.swift */ = {isa = PBXFileReference; lastKnownFileType = sourcecode.swift; path = ContentView.swift; sourceTree = "<group>"; };
		695FFFB729F4DE770054534E /* Assets.xcassets */ = {isa = PBXFileReference; lastKnownFileType = folder.assetcatalog; path = Assets.xcassets; sourceTree = "<group>"; };
		695FFFBA29F4DE770054534E /* Preview Assets.xcassets */ = {isa = PBXFileReference; lastKnownFileType = folder.assetcatalog; path = "Preview Assets.xcassets"; sourceTree = "<group>"; };
		695FFFC029F4DE770054534E /* IcePlungeTimerTests.xctest */ = {isa = PBXFileReference; explicitFileType = wrapper.cfbundle; includeInIndex = 0; path = IcePlungeTimerTests.xctest; sourceTree = BUILT_PRODUCTS_DIR; };
		695FFFC429F4DE770054534E /* IcePlungeTimerTests.swift */ = {isa = PBXFileReference; lastKnownFileType = sourcecode.swift; path = IcePlungeTimerTests.swift; sourceTree = "<group>"; };
		695FFFCA29F4DE770054534E /* IcePlungeTimerUITests.xctest */ = {isa = PBXFileReference; explicitFileType = wrapper.cfbundle; includeInIndex = 0; path = IcePlungeTimerUITests.xctest; sourceTree = BUILT_PRODUCTS_DIR; };
		695FFFCE29F4DE770054534E /* IcePlungeTimerUITests.swift */ = {isa = PBXFileReference; lastKnownFileType = sourcecode.swift; path = IcePlungeTimerUITests.swift; sourceTree = "<group>"; };
		695FFFD029F4DE770054534E /* IcePlungeTimerUITestsLaunchTests.swift */ = {isa = PBXFileReference; lastKnownFileType = sourcecode.swift; path = IcePlungeTimerUITestsLaunchTests.swift; sourceTree = "<group>"; };
		6991EEBE29F939120021B752 /* IcebergDynamic.swift */ = {isa = PBXFileReference; lastKnownFileType = sourcecode.swift; path = IcebergDynamic.swift; sourceTree = "<group>"; };
		6991EEC929F9E4BC0021B752 /* CosineWaveLine.swift */ = {isa = PBXFileReference; lastKnownFileType = sourcecode.swift; path = CosineWaveLine.swift; sourceTree = "<group>"; };
/* End PBXFileReference section */

/* Begin PBXFrameworksBuildPhase section */
		695FFFAD29F4DE750054534E /* Frameworks */ = {
			isa = PBXFrameworksBuildPhase;
			buildActionMask = 2147483647;
			files = (
			);
			runOnlyForDeploymentPostprocessing = 0;
		};
		695FFFBD29F4DE770054534E /* Frameworks */ = {
			isa = PBXFrameworksBuildPhase;
			buildActionMask = 2147483647;
			files = (
			);
			runOnlyForDeploymentPostprocessing = 0;
		};
		695FFFC729F4DE770054534E /* Frameworks */ = {
			isa = PBXFrameworksBuildPhase;
			buildActionMask = 2147483647;
			files = (
			);
			runOnlyForDeploymentPostprocessing = 0;
		};
/* End PBXFrameworksBuildPhase section */

/* Begin PBXGroup section */
		695FFFA729F4DE750054534E = {
			isa = PBXGroup;
			children = (
				695FFFB229F4DE750054534E /* IcePlungeTimer */,
				695FFFC329F4DE770054534E /* IcePlungeTimerTests */,
				695FFFCD29F4DE770054534E /* IcePlungeTimerUITests */,
				695FFFB129F4DE750054534E /* Products */,
			);
			sourceTree = "<group>";
		};
		695FFFB129F4DE750054534E /* Products */ = {
			isa = PBXGroup;
			children = (
				695FFFB029F4DE750054534E /* IcePlungeTimer.app */,
				695FFFC029F4DE770054534E /* IcePlungeTimerTests.xctest */,
				695FFFCA29F4DE770054534E /* IcePlungeTimerUITests.xctest */,
			);
			name = Products;
			sourceTree = "<group>";
		};
		695FFFB229F4DE750054534E /* IcePlungeTimer */ = {
			isa = PBXGroup;
			children = (
				6991EEBB29F938760021B752 /* Helpers */,
				695FFFB329F4DE750054534E /* IcePlungeTimerApp.swift */,
				6991EEBA29F938560021B752 /* Views */,
				695FFFB729F4DE770054534E /* Assets.xcassets */,
				695FFFB929F4DE770054534E /* Preview Content */,
			);
			path = IcePlungeTimer;
			sourceTree = "<group>";
		};
		695FFFB929F4DE770054534E /* Preview Content */ = {
			isa = PBXGroup;
			children = (
				695FFFBA29F4DE770054534E /* Preview Assets.xcassets */,
			);
			path = "Preview Content";
			sourceTree = "<group>";
		};
		695FFFC329F4DE770054534E /* IcePlungeTimerTests */ = {
			isa = PBXGroup;
			children = (
				695FFFC429F4DE770054534E /* IcePlungeTimerTests.swift */,
			);
			path = IcePlungeTimerTests;
			sourceTree = "<group>";
		};
		695FFFCD29F4DE770054534E /* IcePlungeTimerUITests */ = {
			isa = PBXGroup;
			children = (
				695FFFCE29F4DE770054534E /* IcePlungeTimerUITests.swift */,
				695FFFD029F4DE770054534E /* IcePlungeTimerUITestsLaunchTests.swift */,
			);
			path = IcePlungeTimerUITests;
			sourceTree = "<group>";
		};
		6991EEBA29F938560021B752 /* Views */ = {
			isa = PBXGroup;
			children = (
				6991EEC829F9E49C0021B752 /* Iceberg */,
				695FFFB529F4DE750054534E /* ContentView.swift */,
			);
			path = Views;
			sourceTree = "<group>";
		};
		6991EEBB29F938760021B752 /* Helpers */ = {
			isa = PBXGroup;
			children = (
			);
			path = Helpers;
			sourceTree = "<group>";
		};
		6991EEC829F9E49C0021B752 /* Iceberg */ = {
			isa = PBXGroup;
			children = (
				6991EEBE29F939120021B752 /* IcebergDynamic.swift */,
				6991EEC929F9E4BC0021B752 /* CosineWaveLine.swift */,
			);
			path = Iceberg;
			sourceTree = "<group>";
		};
/* End PBXGroup section */

/* Begin PBXNativeTarget section */
		695FFFAF29F4DE750054534E /* IcePlungeTimer */ = {
			isa = PBXNativeTarget;
			buildConfigurationList = 695FFFD429F4DE770054534E /* Build configuration list for PBXNativeTarget "IcePlungeTimer" */;
			buildPhases = (
				695FFFAC29F4DE750054534E /* Sources */,
				695FFFAD29F4DE750054534E /* Frameworks */,
				695FFFAE29F4DE750054534E /* Resources */,
			);
			buildRules = (
			);
			dependencies = (
			);
			name = IcePlungeTimer;
			productName = IcePlungeTimer;
			productReference = 695FFFB029F4DE750054534E /* IcePlungeTimer.app */;
			productType = "com.apple.product-type.application";
		};
		695FFFBF29F4DE770054534E /* IcePlungeTimerTests */ = {
			isa = PBXNativeTarget;
			buildConfigurationList = 695FFFD729F4DE770054534E /* Build configuration list for PBXNativeTarget "IcePlungeTimerTests" */;
			buildPhases = (
				695FFFBC29F4DE770054534E /* Sources */,
				695FFFBD29F4DE770054534E /* Frameworks */,
				695FFFBE29F4DE770054534E /* Resources */,
			);
			buildRules = (
			);
			dependencies = (
				695FFFC229F4DE770054534E /* PBXTargetDependency */,
			);
			name = IcePlungeTimerTests;
			productName = IcePlungeTimerTests;
			productReference = 695FFFC029F4DE770054534E /* IcePlungeTimerTests.xctest */;
			productType = "com.apple.product-type.bundle.unit-test";
		};
		695FFFC929F4DE770054534E /* IcePlungeTimerUITests */ = {
			isa = PBXNativeTarget;
			buildConfigurationList = 695FFFDA29F4DE770054534E /* Build configuration list for PBXNativeTarget "IcePlungeTimerUITests" */;
			buildPhases = (
				695FFFC629F4DE770054534E /* Sources */,
				695FFFC729F4DE770054534E /* Frameworks */,
				695FFFC829F4DE770054534E /* Resources */,
			);
			buildRules = (
			);
			dependencies = (
				695FFFCC29F4DE770054534E /* PBXTargetDependency */,
			);
			name = IcePlungeTimerUITests;
			productName = IcePlungeTimerUITests;
			productReference = 695FFFCA29F4DE770054534E /* IcePlungeTimerUITests.xctest */;
			productType = "com.apple.product-type.bundle.ui-testing";
		};
/* End PBXNativeTarget section */

/* Begin PBXProject section */
		695FFFA829F4DE750054534E /* Project object */ = {
			isa = PBXProject;
			attributes = {
				BuildIndependentTargetsInParallel = 1;
				LastSwiftUpdateCheck = 1430;
				LastUpgradeCheck = 1430;
				TargetAttributes = {
					695FFFAF29F4DE750054534E = {
						CreatedOnToolsVersion = 14.3;
					};
					695FFFBF29F4DE770054534E = {
						CreatedOnToolsVersion = 14.3;
						TestTargetID = 695FFFAF29F4DE750054534E;
					};
					695FFFC929F4DE770054534E = {
						CreatedOnToolsVersion = 14.3;
						TestTargetID = 695FFFAF29F4DE750054534E;
					};
				};
			};
			buildConfigurationList = 695FFFAB29F4DE750054534E /* Build configuration list for PBXProject "IcePlungeTimer" */;
			compatibilityVersion = "Xcode 14.0";
			developmentRegion = en;
			hasScannedForEncodings = 0;
			knownRegions = (
				en,
				Base,
			);
			mainGroup = 695FFFA729F4DE750054534E;
			productRefGroup = 695FFFB129F4DE750054534E /* Products */;
			projectDirPath = "";
			projectRoot = "";
			targets = (
				695FFFAF29F4DE750054534E /* IcePlungeTimer */,
				695FFFBF29F4DE770054534E /* IcePlungeTimerTests */,
				695FFFC929F4DE770054534E /* IcePlungeTimerUITests */,
			);
		};
/* End PBXProject section */

/* Begin PBXResourcesBuildPhase section */
		695FFFAE29F4DE750054534E /* Resources */ = {
			isa = PBXResourcesBuildPhase;
			buildActionMask = 2147483647;
			files = (
				695FFFBB29F4DE770054534E /* Preview Assets.xcassets in Resources */,
				695FFFB829F4DE770054534E /* Assets.xcassets in Resources */,
			);
			runOnlyForDeploymentPostprocessing = 0;
		};
		695FFFBE29F4DE770054534E /* Resources */ = {
			isa = PBXResourcesBuildPhase;
			buildActionMask = 2147483647;
			files = (
			);
			runOnlyForDeploymentPostprocessing = 0;
		};
		695FFFC829F4DE770054534E /* Resources */ = {
			isa = PBXResourcesBuildPhase;
			buildActionMask = 2147483647;
			files = (
			);
			runOnlyForDeploymentPostprocessing = 0;
		};
/* End PBXResourcesBuildPhase section */

/* Begin PBXSourcesBuildPhase section */
		695FFFAC29F4DE750054534E /* Sources */ = {
			isa = PBXSourcesBuildPhase;
			buildActionMask = 2147483647;
			files = (
				6991EEBF29F939120021B752 /* IcebergDynamic.swift in Sources */,
				695FFFB629F4DE750054534E /* ContentView.swift in Sources */,
				695FFFB429F4DE750054534E /* IcePlungeTimerApp.swift in Sources */,
				6991EECA29F9E4BC0021B752 /* CosineWaveLine.swift in Sources */,
			);
			runOnlyForDeploymentPostprocessing = 0;
		};
		695FFFBC29F4DE770054534E /* Sources */ = {
			isa = PBXSourcesBuildPhase;
			buildActionMask = 2147483647;
			files = (
				695FFFC529F4DE770054534E /* IcePlungeTimerTests.swift in Sources */,
			);
			runOnlyForDeploymentPostprocessing = 0;
		};
		695FFFC629F4DE770054534E /* Sources */ = {
			isa = PBXSourcesBuildPhase;
			buildActionMask = 2147483647;
			files = (
				695FFFCF29F4DE770054534E /* IcePlungeTimerUITests.swift in Sources */,
				695FFFD129F4DE770054534E /* IcePlungeTimerUITestsLaunchTests.swift in Sources */,
			);
			runOnlyForDeploymentPostprocessing = 0;
		};
/* End PBXSourcesBuildPhase section */

/* Begin PBXTargetDependency section */
		695FFFC229F4DE770054534E /* PBXTargetDependency */ = {
			isa = PBXTargetDependency;
			target = 695FFFAF29F4DE750054534E /* IcePlungeTimer */;
			targetProxy = 695FFFC129F4DE770054534E /* PBXContainerItemProxy */;
		};
		695FFFCC29F4DE770054534E /* PBXTargetDependency */ = {
			isa = PBXTargetDependency;
			target = 695FFFAF29F4DE750054534E /* IcePlungeTimer */;
			targetProxy = 695FFFCB29F4DE770054534E /* PBXContainerItemProxy */;
		};
/* End PBXTargetDependency section */

/* Begin XCBuildConfiguration section */
		695FFFD229F4DE770054534E /* Debug */ = {
			isa = XCBuildConfiguration;
			buildSettings = {
				ALWAYS_SEARCH_USER_PATHS = NO;
				CLANG_ANALYZER_NONNULL = YES;
				CLANG_ANALYZER_NUMBER_OBJECT_CONVERSION = YES_AGGRESSIVE;
				CLANG_CXX_LANGUAGE_STANDARD = "gnu++20";
				CLANG_ENABLE_MODULES = YES;
				CLANG_ENABLE_OBJC_ARC = YES;
				CLANG_ENABLE_OBJC_WEAK = YES;
				CLANG_WARN_BLOCK_CAPTURE_AUTORELEASING = YES;
				CLANG_WARN_BOOL_CONVERSION = YES;
				CLANG_WARN_COMMA = YES;
				CLANG_WARN_CONSTANT_CONVERSION = YES;
				CLANG_WARN_DEPRECATED_OBJC_IMPLEMENTATIONS = YES;
				CLANG_WARN_DIRECT_OBJC_ISA_USAGE = YES_ERROR;
				CLANG_WARN_DOCUMENTATION_COMMENTS = YES;
				CLANG_WARN_EMPTY_BODY = YES;
				CLANG_WARN_ENUM_CONVERSION = YES;
				CLANG_WARN_INFINITE_RECURSION = YES;
				CLANG_WARN_INT_CONVERSION = YES;
				CLANG_WARN_NON_LITERAL_NULL_CONVERSION = YES;
				CLANG_WARN_OBJC_IMPLICIT_RETAIN_SELF = YES;
				CLANG_WARN_OBJC_LITERAL_CONVERSION = YES;
				CLANG_WARN_OBJC_ROOT_CLASS = YES_ERROR;
				CLANG_WARN_QUOTED_INCLUDE_IN_FRAMEWORK_HEADER = YES;
				CLANG_WARN_RANGE_LOOP_ANALYSIS = YES;
				CLANG_WARN_STRICT_PROTOTYPES = YES;
				CLANG_WARN_SUSPICIOUS_MOVE = YES;
				CLANG_WARN_UNGUARDED_AVAILABILITY = YES_AGGRESSIVE;
				CLANG_WARN_UNREACHABLE_CODE = YES;
				CLANG_WARN__DUPLICATE_METHOD_MATCH = YES;
				COPY_PHASE_STRIP = NO;
				DEBUG_INFORMATION_FORMAT = dwarf;
				ENABLE_STRICT_OBJC_MSGSEND = YES;
				ENABLE_TESTABILITY = YES;
				GCC_C_LANGUAGE_STANDARD = gnu11;
				GCC_DYNAMIC_NO_PIC = NO;
				GCC_NO_COMMON_BLOCKS = YES;
				GCC_OPTIMIZATION_LEVEL = 0;
				GCC_PREPROCESSOR_DEFINITIONS = (
					"DEBUG=1",
					"$(inherited)",
				);
				GCC_WARN_64_TO_32_BIT_CONVERSION = YES;
				GCC_WARN_ABOUT_RETURN_TYPE = YES_ERROR;
				GCC_WARN_UNDECLARED_SELECTOR = YES;
				GCC_WARN_UNINITIALIZED_AUTOS = YES_AGGRESSIVE;
				GCC_WARN_UNUSED_FUNCTION = YES;
				GCC_WARN_UNUSED_VARIABLE = YES;
				IPHONEOS_DEPLOYMENT_TARGET = 16.4;
				MTL_ENABLE_DEBUG_INFO = INCLUDE_SOURCE;
				MTL_FAST_MATH = YES;
				ONLY_ACTIVE_ARCH = YES;
				SDKROOT = iphoneos;
				SWIFT_ACTIVE_COMPILATION_CONDITIONS = DEBUG;
				SWIFT_OPTIMIZATION_LEVEL = "-Onone";
			};
			name = Debug;
		};
		695FFFD329F4DE770054534E /* Release */ = {
			isa = XCBuildConfiguration;
			buildSettings = {
				ALWAYS_SEARCH_USER_PATHS = NO;
				CLANG_ANALYZER_NONNULL = YES;
				CLANG_ANALYZER_NUMBER_OBJECT_CONVERSION = YES_AGGRESSIVE;
				CLANG_CXX_LANGUAGE_STANDARD = "gnu++20";
				CLANG_ENABLE_MODULES = YES;
				CLANG_ENABLE_OBJC_ARC = YES;
				CLANG_ENABLE_OBJC_WEAK = YES;
				CLANG_WARN_BLOCK_CAPTURE_AUTORELEASING = YES;
				CLANG_WARN_BOOL_CONVERSION = YES;
				CLANG_WARN_COMMA = YES;
				CLANG_WARN_CONSTANT_CONVERSION = YES;
				CLANG_WARN_DEPRECATED_OBJC_IMPLEMENTATIONS = YES;
				CLANG_WARN_DIRECT_OBJC_ISA_USAGE = YES_ERROR;
				CLANG_WARN_DOCUMENTATION_COMMENTS = YES;
				CLANG_WARN_EMPTY_BODY = YES;
				CLANG_WARN_ENUM_CONVERSION = YES;
				CLANG_WARN_INFINITE_RECURSION = YES;
				CLANG_WARN_INT_CONVERSION = YES;
				CLANG_WARN_NON_LITERAL_NULL_CONVERSION = YES;
				CLANG_WARN_OBJC_IMPLICIT_RETAIN_SELF = YES;
				CLANG_WARN_OBJC_LITERAL_CONVERSION = YES;
				CLANG_WARN_OBJC_ROOT_CLASS = YES_ERROR;
				CLANG_WARN_QUOTED_INCLUDE_IN_FRAMEWORK_HEADER = YES;
				CLANG_WARN_RANGE_LOOP_ANALYSIS = YES;
				CLANG_WARN_STRICT_PROTOTYPES = YES;
				CLANG_WARN_SUSPICIOUS_MOVE = YES;
				CLANG_WARN_UNGUARDED_AVAILABILITY = YES_AGGRESSIVE;
				CLANG_WARN_UNREACHABLE_CODE = YES;
				CLANG_WARN__DUPLICATE_METHOD_MATCH = YES;
				COPY_PHASE_STRIP = NO;
				DEBUG_INFORMATION_FORMAT = "dwarf-with-dsym";
				ENABLE_NS_ASSERTIONS = NO;
				ENABLE_STRICT_OBJC_MSGSEND = YES;
				GCC_C_LANGUAGE_STANDARD = gnu11;
				GCC_NO_COMMON_BLOCKS = YES;
				GCC_WARN_64_TO_32_BIT_CONVERSION = YES;
				GCC_WARN_ABOUT_RETURN_TYPE = YES_ERROR;
				GCC_WARN_UNDECLARED_SELECTOR = YES;
				GCC_WARN_UNINITIALIZED_AUTOS = YES_AGGRESSIVE;
				GCC_WARN_UNUSED_FUNCTION = YES;
				GCC_WARN_UNUSED_VARIABLE = YES;
				IPHONEOS_DEPLOYMENT_TARGET = 16.4;
				MTL_ENABLE_DEBUG_INFO = NO;
				MTL_FAST_MATH = YES;
				SDKROOT = iphoneos;
				SWIFT_COMPILATION_MODE = wholemodule;
				SWIFT_OPTIMIZATION_LEVEL = "-O";
				VALIDATE_PRODUCT = YES;
			};
			name = Release;
		};
		695FFFD529F4DE770054534E /* Debug */ = {
			isa = XCBuildConfiguration;
			buildSettings = {
				ASSETCATALOG_COMPILER_APPICON_NAME = AppIcon;
				ASSETCATALOG_COMPILER_GLOBAL_ACCENT_COLOR_NAME = AccentColor;
				CODE_SIGN_STYLE = Automatic;
				CURRENT_PROJECT_VERSION = 1;
				DEVELOPMENT_ASSET_PATHS = "\"IcePlungeTimer/Preview Content\"";
				DEVELOPMENT_TEAM = BKG4PZZ42X;
				ENABLE_PREVIEWS = YES;
				GENERATE_INFOPLIST_FILE = YES;
				INFOPLIST_KEY_UIApplicationSceneManifest_Generation = YES;
				INFOPLIST_KEY_UIApplicationSupportsIndirectInputEvents = YES;
				INFOPLIST_KEY_UILaunchScreen_Generation = YES;
				INFOPLIST_KEY_UISupportedInterfaceOrientations_iPad = "UIInterfaceOrientationPortrait UIInterfaceOrientationPortraitUpsideDown UIInterfaceOrientationLandscapeLeft UIInterfaceOrientationLandscapeRight";
				INFOPLIST_KEY_UISupportedInterfaceOrientations_iPhone = "UIInterfaceOrientationPortrait UIInterfaceOrientationLandscapeLeft UIInterfaceOrientationLandscapeRight";
				LD_RUNPATH_SEARCH_PATHS = (
					"$(inherited)",
					"@executable_path/Frameworks",
				);
				MARKETING_VERSION = 1.0;
				PRODUCT_BUNDLE_IDENTIFIER = PushLimitsStudio.IcePlungeTimer;
				PRODUCT_NAME = "$(TARGET_NAME)";
				SWIFT_EMIT_LOC_STRINGS = YES;
				SWIFT_VERSION = 5.0;
				TARGETED_DEVICE_FAMILY = "1,2";
			};
			name = Debug;
		};
		695FFFD629F4DE770054534E /* Release */ = {
			isa = XCBuildConfiguration;
			buildSettings = {
				ASSETCATALOG_COMPILER_APPICON_NAME = AppIcon;
				ASSETCATALOG_COMPILER_GLOBAL_ACCENT_COLOR_NAME = AccentColor;
				CODE_SIGN_STYLE = Automatic;
				CURRENT_PROJECT_VERSION = 1;
				DEVELOPMENT_ASSET_PATHS = "\"IcePlungeTimer/Preview Content\"";
				DEVELOPMENT_TEAM = BKG4PZZ42X;
				ENABLE_PREVIEWS = YES;
				GENERATE_INFOPLIST_FILE = YES;
				INFOPLIST_KEY_UIApplicationSceneManifest_Generation = YES;
				INFOPLIST_KEY_UIApplicationSupportsIndirectInputEvents = YES;
				INFOPLIST_KEY_UILaunchScreen_Generation = YES;
				INFOPLIST_KEY_UISupportedInterfaceOrientations_iPad = "UIInterfaceOrientationPortrait UIInterfaceOrientationPortraitUpsideDown UIInterfaceOrientationLandscapeLeft UIInterfaceOrientationLandscapeRight";
				INFOPLIST_KEY_UISupportedInterfaceOrientations_iPhone = "UIInterfaceOrientationPortrait UIInterfaceOrientationLandscapeLeft UIInterfaceOrientationLandscapeRight";
				LD_RUNPATH_SEARCH_PATHS = (
					"$(inherited)",
					"@executable_path/Frameworks",
				);
				MARKETING_VERSION = 1.0;
				PRODUCT_BUNDLE_IDENTIFIER = PushLimitsStudio.IcePlungeTimer;
				PRODUCT_NAME = "$(TARGET_NAME)";
				SWIFT_EMIT_LOC_STRINGS = YES;
				SWIFT_VERSION = 5.0;
				TARGETED_DEVICE_FAMILY = "1,2";
			};
			name = Release;
		};
		695FFFD829F4DE770054534E /* Debug */ = {
			isa = XCBuildConfiguration;
			buildSettings = {
				ALWAYS_EMBED_SWIFT_STANDARD_LIBRARIES = YES;
				BUNDLE_LOADER = "$(TEST_HOST)";
				CODE_SIGN_STYLE = Automatic;
				CURRENT_PROJECT_VERSION = 1;
				DEVELOPMENT_TEAM = BKG4PZZ42X;
				GENERATE_INFOPLIST_FILE = YES;
				IPHONEOS_DEPLOYMENT_TARGET = 16.4;
				MARKETING_VERSION = 1.0;
				PRODUCT_BUNDLE_IDENTIFIER = PushLimitsStudio.IcePlungeTimerTests;
				PRODUCT_NAME = "$(TARGET_NAME)";
				SWIFT_EMIT_LOC_STRINGS = NO;
				SWIFT_VERSION = 5.0;
				TARGETED_DEVICE_FAMILY = "1,2";
				TEST_HOST = "$(BUILT_PRODUCTS_DIR)/IcePlungeTimer.app/$(BUNDLE_EXECUTABLE_FOLDER_PATH)/IcePlungeTimer";
			};
			name = Debug;
		};
		695FFFD929F4DE770054534E /* Release */ = {
			isa = XCBuildConfiguration;
			buildSettings = {
				ALWAYS_EMBED_SWIFT_STANDARD_LIBRARIES = YES;
				BUNDLE_LOADER = "$(TEST_HOST)";
				CODE_SIGN_STYLE = Automatic;
				CURRENT_PROJECT_VERSION = 1;
				DEVELOPMENT_TEAM = BKG4PZZ42X;
				GENERATE_INFOPLIST_FILE = YES;
				IPHONEOS_DEPLOYMENT_TARGET = 16.4;
				MARKETING_VERSION = 1.0;
				PRODUCT_BUNDLE_IDENTIFIER = PushLimitsStudio.IcePlungeTimerTests;
				PRODUCT_NAME = "$(TARGET_NAME)";
				SWIFT_EMIT_LOC_STRINGS = NO;
				SWIFT_VERSION = 5.0;
				TARGETED_DEVICE_FAMILY = "1,2";
				TEST_HOST = "$(BUILT_PRODUCTS_DIR)/IcePlungeTimer.app/$(BUNDLE_EXECUTABLE_FOLDER_PATH)/IcePlungeTimer";
			};
			name = Release;
		};
		695FFFDB29F4DE770054534E /* Debug */ = {
			isa = XCBuildConfiguration;
			buildSettings = {
				ALWAYS_EMBED_SWIFT_STANDARD_LIBRARIES = YES;
				CODE_SIGN_STYLE = Automatic;
				CURRENT_PROJECT_VERSION = 1;
				DEVELOPMENT_TEAM = BKG4PZZ42X;
				GENERATE_INFOPLIST_FILE = YES;
				MARKETING_VERSION = 1.0;
				PRODUCT_BUNDLE_IDENTIFIER = PushLimitsStudio.IcePlungeTimerUITests;
				PRODUCT_NAME = "$(TARGET_NAME)";
				SWIFT_EMIT_LOC_STRINGS = NO;
				SWIFT_VERSION = 5.0;
				TARGETED_DEVICE_FAMILY = "1,2";
				TEST_TARGET_NAME = IcePlungeTimer;
			};
			name = Debug;
		};
		695FFFDC29F4DE770054534E /* Release */ = {
			isa = XCBuildConfiguration;
			buildSettings = {
				ALWAYS_EMBED_SWIFT_STANDARD_LIBRARIES = YES;
				CODE_SIGN_STYLE = Automatic;
				CURRENT_PROJECT_VERSION = 1;
				DEVELOPMENT_TEAM = BKG4PZZ42X;
				GENERATE_INFOPLIST_FILE = YES;
				MARKETING_VERSION = 1.0;
				PRODUCT_BUNDLE_IDENTIFIER = PushLimitsStudio.IcePlungeTimerUITests;
				PRODUCT_NAME = "$(TARGET_NAME)";
				SWIFT_EMIT_LOC_STRINGS = NO;
				SWIFT_VERSION = 5.0;
				TARGETED_DEVICE_FAMILY = "1,2";
				TEST_TARGET_NAME = IcePlungeTimer;
			};
			name = Release;
		};
/* End XCBuildConfiguration section */

/* Begin XCConfigurationList section */
		695FFFAB29F4DE750054534E /* Build configuration list for PBXProject "IcePlungeTimer" */ = {
			isa = XCConfigurationList;
			buildConfigurations = (
				695FFFD229F4DE770054534E /* Debug */,
				695FFFD329F4DE770054534E /* Release */,
			);
			defaultConfigurationIsVisible = 0;
			defaultConfigurationName = Release;
		};
		695FFFD429F4DE770054534E /* Build configuration list for PBXNativeTarget "IcePlungeTimer" */ = {
			isa = XCConfigurationList;
			buildConfigurations = (
				695FFFD529F4DE770054534E /* Debug */,
				695FFFD629F4DE770054534E /* Release */,
			);
			defaultConfigurationIsVisible = 0;
			defaultConfigurationName = Release;
		};
		695FFFD729F4DE770054534E /* Build configuration list for PBXNativeTarget "IcePlungeTimerTests" */ = {
			isa = XCConfigurationList;
			buildConfigurations = (
				695FFFD829F4DE770054534E /* Debug */,
				695FFFD929F4DE770054534E /* Release */,
			);
			defaultConfigurationIsVisible = 0;
			defaultConfigurationName = Release;
		};
		695FFFDA29F4DE770054534E /* Build configuration list for PBXNativeTarget "IcePlungeTimerUITests" */ = {
			isa = XCConfigurationList;
			buildConfigurations = (
				695FFFDB29F4DE770054534E /* Debug */,
				695FFFDC29F4DE770054534E /* Release */,
			);
			defaultConfigurationIsVisible = 0;
			defaultConfigurationName = Release;
		};
/* End XCConfigurationList section */
	};
	rootObject = 695FFFA829F4DE750054534E /* Project object */;
}
